{
  "name": "grow",
  "lockfileVersion": 3,
  "requires": true,
  "packages": {
    "": {
      "devDependencies": {
        "prettier-plugin-prisma": "^5.0.0",
        "prisma": "^5.2.0"
      }
    },
    "node_modules/@prisma/engines": {
      "version": "5.2.0",
      "resolved": "https://registry.npmjs.org/@prisma/engines/-/engines-5.2.0.tgz",
      "integrity": "sha512-dT7FOLUCdZmq+AunLqB1Iz+ZH/IIS1Fz2THmKZQ6aFONrQD/BQ5ecJ7g2wGS2OgyUFf4OaLam6/bxmgdOBDqig==",
      "dev": true,
      "hasInstallScript": true
    },
    "node_modules/@prisma/prisma-schema-wasm": {
      "version": "4.17.0-26.6b0aef69b7cdfc787f822ecd7cdc76d5f1991584",
      "resolved": "https://registry.npmjs.org/@prisma/prisma-schema-wasm/-/prisma-schema-wasm-4.17.0-26.6b0aef69b7cdfc787f822ecd7cdc76d5f1991584.tgz",
      "integrity": "sha512-JFdsnSgBPN8reDTLOI9Vh/6ccCb2aD1LbY/LWQnkcIgNo6IdpzvuM+qRVbBuA6IZP2SdqQI8Lu6RL2P8EFBQUA==",
      "dev": true
    },
    "node_modules/prettier": {
      "version": "3.0.3",
      "resolved": "https://registry.npmjs.org/prettier/-/prettier-3.0.3.tgz",
      "integrity": "sha512-L/4pUDMxcNa8R/EthV08Zt42WBO4h1rarVtK0K+QJG0X187OLo7l699jWw0GKuwzkPQ//jMFA/8Xm6Fh3J/DAg==",
      "dev": true,
      "peer": true,
      "bin": {
        "prettier": "bin/prettier.cjs"
      },
      "engines": {
        "node": ">=14"
      },
      "funding": {
        "url": "https://github.com/prettier/prettier?sponsor=1"
      }
    },
    "node_modules/prettier-plugin-prisma": {
      "version": "5.0.0",
      "resolved": "https://registry.npmjs.org/prettier-plugin-prisma/-/prettier-plugin-prisma-5.0.0.tgz",
      "integrity": "sha512-jTJV04D9+yF7ziOOMs7CJe4ijgAH7DEGjt0SAWAToGNRy1H6BEhvcKA2UQH6gC6KVW5zeeOSAvsoiDDTt9oKXg==",
      "dev": true,
      "dependencies": {
        "@prisma/prisma-schema-wasm": "4.17.0-26.6b0aef69b7cdfc787f822ecd7cdc76d5f1991584"
      },
      "engines": {
        "node": ">=14",
        "npm": ">=8"
      },
      "peerDependencies": {
        "prettier": ">=2 || >=3"
      }
    },
    "node_modules/prisma": {
      "version": "5.2.0",
      "resolved": "https://registry.npmjs.org/prisma/-/prisma-5.2.0.tgz",
      "integrity": "sha512-FfFlpjVCkZwrqxDnP4smlNYSH1so+CbfjgdpioFzGGqlQAEm6VHAYSzV7jJgC3ebtY9dNOhDMS2+4/1DDSM7bQ==",
      "dev": true,
      "hasInstallScript": true,
      "dependencies": {
        "@prisma/engines": "5.2.0"
      },
      "bin": {
        "prisma": "build/index.js"
      },
      "engines": {
        "node": ">=16.13"
      }
    }
  }
}
